
Microsoft Visual Studio Solution File, Format Version 12.00
# Visual Studio Version 17
VisualStudioVersion = 17.3.32901.215
MinimumVisualStudioVersion = 10.0.40219.1
Project("{FAE04EC0-301F-11D3-BF4B-00C04F79EFBC}") = "QuanLyCuaHang", "QuanLyCuaHang\QuanLyCuaHang.csproj", "{35609CCF-AB86-44B6-9E8C-8BACA3018EE4}"
EndProject
Global
	GlobalSection(SolutionConfigurationPlatforms) = preSolution
		Debug|Any CPU = Debug|Any CPU
		Release|Any CPU = Release|Any CPU
	EndGlobalSection
	GlobalSection(ProjectConfigurationPlatforms) = postSolution
		{35609CCF-AB86-44B6-9E8C-8BACA3018EE4}.Debug|Any CPU.ActiveCfg = Debug|Any CPU
		{35609CCF-AB86-44B6-9E8C-8BACA3018EE4}.Debug|Any CPU.Build.0 = Debug|Any CPU
		{35609CCF-AB86-44B6-9E8C-8BACA3018EE4}.Release|Any CPU.ActiveCfg = Release|Any CPU
		{35609CCF-AB86-44B6-9E8C-8BACA3018EE4}.Release|Any CPU.Build.0 = Release|Any CPU
	EndGlobalSection
	GlobalSection(SolutionProperties) = preSolution
		HideSolutionNode = FALSE
	EndGlobalSection
	GlobalSection(ExtensibilityGlobals) = postSolution
		SolutionGuid = {2CE8E8B9-ECA1-48EB-B8FF-E33E1C1BB769}
	EndGlobalSection
EndGlobal
